github.com/angel-one/smartapigo v0.0.0-20221003090802-47cbce38ac5c h1:17nUHJinYRx651xlat5FUZ2ciPOfpg8TcrNkXCXntuQ=
github.com/angel-one/smartapigo v0.0.0-20221003090802-47cbce38ac5c/go.mod h1:2lgK/wnNg2njLIUsWWo4EX3wvL8sMlHwuaJXKM3m90I=
github.com/davecgh/go-spew v1.1.1 h1:vj9j/u1bqnvCEfJOwUhtlOARqs3+rkHYY13jYWTU97c=
github.com/gorilla/websocket v1.4.2/go.mod h1:YR8l580nyteQvAITg2hZ9XVh4b55+EU/adAjf1fMHhE=
github.com/gorilla/websocket v1.5.0 h1:PPwGk2jz7EePpoHN/+ClbZu8SPxiqlu12wZP/3sWmnc=
github.com/gorilla/websocket v1.5.0/go.mod h1:YR8l580nyteQvAITg2hZ9XVh4b55+EU/adAjf1fMHhE=
github.com/jarcoal/httpmock v1.0.6/go.mod h1:ATjnClrvW/3tijVmpL/va5Z3aAyGvqU3gCT8nX0Txik=
github.com/jarcoal/httpmock v1.2.0 h1:gSvTxxFR/MEMfsGrvRbdfpRUMBStovlSRLw0Ep1bwwc=
github.com/jarcoal/httpmock v1.2.0/go.mod h1:oCoTsnAz4+UoOUIf5lJOWV2QQIW5UoeUI6aM2YnWAZk=
github.com/maxatome/go-testdeep v1.11.0 h1:Tgh5efyCYyJFGUYiT0qxBSIDeXw0F5zSoatlou685kk=
